
Microsoft Visual Studio Solution File, Format Version 12.00
# Visual Studio Version 17
VisualStudioVersion = 17.3.32819.101
MinimumVisualStudioVersion = 10.0.40219.1
Project("{9A19103F-16F7-4668-BE54-9A1E7A4F7556}") = "FirstResponsiveWebAppChristensen", "FirstResponsiveWebAppChristensen\FirstResponsiveWebAppChristensen.csproj", "{2ED72831-7194-4133-89C9-8D1C0B91BD1D}"
EndProject
Project("{FAE04EC0-301F-11D3-BF4B-00C04F79EFBC}") = "FirstUnitTest", "FirstUnitTest\FirstUnitTest.csproj", "{4BBD6E3E-E5C6-4BF3-89D1-244DFD92AF4D}"
EndProject
Global
	GlobalSection(SolutionConfigurationPlatforms) = preSolution
		Debug|Any CPU = Debug|Any CPU
		Release|Any CPU = Release|Any CPU
	EndGlobalSection
	GlobalSection(ProjectConfigurationPlatforms) = postSolution
		{2ED72831-7194-4133-89C9-8D1C0B91BD1D}.Debug|Any CPU.ActiveCfg = Debug|Any CPU
		{2ED72831-7194-4133-89C9-8D1C0B91BD1D}.Debug|Any CPU.Build.0 = Debug|Any CPU
		{2ED72831-7194-4133-89C9-8D1C0B91BD1D}.Release|Any CPU.ActiveCfg = Release|Any CPU
		{2ED72831-7194-4133-89C9-8D1C0B91BD1D}.Release|Any CPU.Build.0 = Release|Any CPU
		{4BBD6E3E-E5C6-4BF3-89D1-244DFD92AF4D}.Debug|Any CPU.ActiveCfg = Debug|Any CPU
		{4BBD6E3E-E5C6-4BF3-89D1-244DFD92AF4D}.Debug|Any CPU.Build.0 = Debug|Any CPU
		{4BBD6E3E-E5C6-4BF3-89D1-244DFD92AF4D}.Release|Any CPU.ActiveCfg = Release|Any CPU
		{4BBD6E3E-E5C6-4BF3-89D1-244DFD92AF4D}.Release|Any CPU.Build.0 = Release|Any CPU
	EndGlobalSection
	GlobalSection(SolutionProperties) = preSolution
		HideSolutionNode = FALSE
	EndGlobalSection
	GlobalSection(ExtensibilityGlobals) = postSolution
		SolutionGuid = {45D3751B-BE81-4FA7-BE7F-DE30BEFD0B23}
	EndGlobalSection
EndGlobal
